
Microsoft Visual Studio Solution File, Format Version 12.00
# Visual Studio Version 16
VisualStudioVersion = 16.0.30523.141
MinimumVisualStudioVersion = 10.0.40219.1
Project("{9A19103F-16F7-4668-BE54-9A1E7A4F7556}") = "CoreGeneral", "CoreGeneral\CoreGeneral.csproj", "{ACC57DBF-2755-453D-AC26-6141BD45C3F2}"
EndProject
Project("{9A19103F-16F7-4668-BE54-9A1E7A4F7556}") = "SAF.Api", "SAF.Api\SAF.Api.csproj", "{C42DE236-00B8-43AA-BEB3-00F7689DBCCE}"
EndProject
Global
	GlobalSection(SolutionConfigurationPlatforms) = preSolution
		Debug|Any CPU = Debug|Any CPU
		Release|Any CPU = Release|Any CPU
	EndGlobalSection
	GlobalSection(ProjectConfigurationPlatforms) = postSolution
		{ACC57DBF-2755-453D-AC26-6141BD45C3F2}.Debug|Any CPU.ActiveCfg = Debug|Any CPU
		{ACC57DBF-2755-453D-AC26-6141BD45C3F2}.Debug|Any CPU.Build.0 = Debug|Any CPU
		{ACC57DBF-2755-453D-AC26-6141BD45C3F2}.Release|Any CPU.ActiveCfg = Release|Any CPU
		{ACC57DBF-2755-453D-AC26-6141BD45C3F2}.Release|Any CPU.Build.0 = Release|Any CPU
		{C42DE236-00B8-43AA-BEB3-00F7689DBCCE}.Debug|Any CPU.ActiveCfg = Debug|Any CPU
		{C42DE236-00B8-43AA-BEB3-00F7689DBCCE}.Debug|Any CPU.Build.0 = Debug|Any CPU
		{C42DE236-00B8-43AA-BEB3-00F7689DBCCE}.Release|Any CPU.ActiveCfg = Release|Any CPU
		{C42DE236-00B8-43AA-BEB3-00F7689DBCCE}.Release|Any CPU.Build.0 = Release|Any CPU
	EndGlobalSection
	GlobalSection(SolutionProperties) = preSolution
		HideSolutionNode = FALSE
	EndGlobalSection
	GlobalSection(ExtensibilityGlobals) = postSolution
		SolutionGuid = {C5C8DF01-9A3A-4292-BB8A-A619D4637F94}
	EndGlobalSection
EndGlobal
