
Microsoft Visual Studio Solution File, Format Version 12.00
# Visual Studio Version 16
VisualStudioVersion = 16.0.30523.141
MinimumVisualStudioVersion = 10.0.40219.1
Project("{9A19103F-16F7-4668-BE54-9A1E7A4F7556}") = "SAF", "SAF\SAF.csproj", "{0AF8D35A-7B53-4A3D-AC37-8E307D47C13F}"
EndProject
Project("{9A19103F-16F7-4668-BE54-9A1E7A4F7556}") = "CoreSAF", "CoreSAF\CoreSAF.csproj", "{F0AB9211-BAC7-4A02-AB86-E415B18130F9}"
EndProject
Project("{9A19103F-16F7-4668-BE54-9A1E7A4F7556}") = "CoreGeneral", "CoreGeneral\CoreGeneral.csproj", "{ACC57DBF-2755-453D-AC26-6141BD45C3F2}"
EndProject
Project("{9A19103F-16F7-4668-BE54-9A1E7A4F7556}") = "CoreSEG", "CoreSeg\CoreSEG.csproj", "{9803B1D9-E42D-4DF3-9742-4B96633CE19A}"
EndProject
Global
	GlobalSection(SolutionConfigurationPlatforms) = preSolution
		Debug|Any CPU = Debug|Any CPU
		Release|Any CPU = Release|Any CPU
	EndGlobalSection
	GlobalSection(ProjectConfigurationPlatforms) = postSolution
		{0AF8D35A-7B53-4A3D-AC37-8E307D47C13F}.Debug|Any CPU.ActiveCfg = Debug|Any CPU
		{0AF8D35A-7B53-4A3D-AC37-8E307D47C13F}.Debug|Any CPU.Build.0 = Debug|Any CPU
		{0AF8D35A-7B53-4A3D-AC37-8E307D47C13F}.Release|Any CPU.ActiveCfg = Release|Any CPU
		{0AF8D35A-7B53-4A3D-AC37-8E307D47C13F}.Release|Any CPU.Build.0 = Release|Any CPU
		{F0AB9211-BAC7-4A02-AB86-E415B18130F9}.Debug|Any CPU.ActiveCfg = Debug|Any CPU
		{F0AB9211-BAC7-4A02-AB86-E415B18130F9}.Debug|Any CPU.Build.0 = Debug|Any CPU
		{F0AB9211-BAC7-4A02-AB86-E415B18130F9}.Release|Any CPU.ActiveCfg = Release|Any CPU
		{F0AB9211-BAC7-4A02-AB86-E415B18130F9}.Release|Any CPU.Build.0 = Release|Any CPU
		{ACC57DBF-2755-453D-AC26-6141BD45C3F2}.Debug|Any CPU.ActiveCfg = Debug|Any CPU
		{ACC57DBF-2755-453D-AC26-6141BD45C3F2}.Debug|Any CPU.Build.0 = Debug|Any CPU
		{ACC57DBF-2755-453D-AC26-6141BD45C3F2}.Release|Any CPU.ActiveCfg = Release|Any CPU
		{ACC57DBF-2755-453D-AC26-6141BD45C3F2}.Release|Any CPU.Build.0 = Release|Any CPU
		{9803B1D9-E42D-4DF3-9742-4B96633CE19A}.Debug|Any CPU.ActiveCfg = Debug|Any CPU
		{9803B1D9-E42D-4DF3-9742-4B96633CE19A}.Debug|Any CPU.Build.0 = Debug|Any CPU
		{9803B1D9-E42D-4DF3-9742-4B96633CE19A}.Release|Any CPU.ActiveCfg = Release|Any CPU
		{9803B1D9-E42D-4DF3-9742-4B96633CE19A}.Release|Any CPU.Build.0 = Release|Any CPU
	EndGlobalSection
	GlobalSection(SolutionProperties) = preSolution
		HideSolutionNode = FALSE
	EndGlobalSection
	GlobalSection(ExtensibilityGlobals) = postSolution
		SolutionGuid = {C5C8DF01-9A3A-4292-BB8A-A619D4637F94}
	EndGlobalSection
EndGlobal
